<?xml version="1.0" encoding="utf-8"?>
<Project ToolsVersion="4.0" xmlns="http://schemas.microsoft.com/developer/msbuild/2003">
  <ItemGroup>
    <Filter Include="Assets"><UniqueIdentifier>{73b9a894-e514-401a-b788-bb2a13ec0382}</UniqueIdentifier></Filter>
    <Filter Include="Assets\Fonts"><UniqueIdentifier>{587386ee-c526-4613-86e9-7869a89740ee}</UniqueIdentifier></Filter>
    <Filter Include="Controls"><UniqueIdentifier>{664cf318-fab9-49e5-8caf-fe085c75647f}</UniqueIdentifier></Filter>
    <Filter Include="Models"><UniqueIdentifier>{b2c8e42d-69ac-4b1f-9404-054c69866c89}</UniqueIdentifier></Filter>
    <Filter Include="Services"><UniqueIdentifier>{16768e08-0a73-40c4-9f6e-adcd99549454}</UniqueIdentifier></Filter>
    <Filter Include="Shell"><UniqueIdentifier>{c5038496-9a9d-41ca-a1d4-2aac12961146}</UniqueIdentifier></Filter>
    <Filter Include="Styles"><UniqueIdentifier>{027d9ad2-09e5-4615-8539-7b2148e83cd0}</UniqueIdentifier></Filter>
    <Filter Include="ViewModels"><UniqueIdentifier>{65a41b22-bd19-4ea3-b7b9-a567c802d73b}</UniqueIdentifier></Filter>
    <Filter Include="Views"><UniqueIdentifier>{1430ed72-0c26-48c2-9b91-4adb45bf38f3}</UniqueIdentifier></Filter>
  </ItemGroup>

  <ItemGroup>
    <ApplicationDefinition Include="App.xaml" />
    <Page Include="Controls\MediaShelf.xaml"><Filter>Controls</Filter></Page>
    <Page Include="Controls\PlaceholderArt.xaml"><Filter>Controls</Filter></Page>
    <Page Include="Controls\PosterCard.xaml"><Filter>Controls</Filter></Page>
    <Page Include="Controls\SectionHeader.xaml"><Filter>Controls</Filter></Page>
    <Page Include="Controls\TagChip.xaml"><Filter>Controls</Filter></Page>
    <Page Include="Shell\MainWindow.xaml"><Filter>Shell</Filter></Page>
    <Page Include="Shell\ShellPage.xaml"><Filter>Shell</Filter></Page>
    <Page Include="Shell\TitleBar.xaml"><Filter>Shell</Filter></Page>
    <Page Include="Styles\Controls.xaml"><Filter>Styles</Filter></Page>
    <Page Include="Styles\Tokens.xaml"><Filter>Styles</Filter></Page>
    <Page Include="Styles\Typography.xaml"><Filter>Styles</Filter></Page>
    <Page Include="Views\ConnectPage.xaml"><Filter>Views</Filter></Page>
    <Page Include="Views\DetailPage.xaml"><Filter>Views</Filter></Page>
    <Page Include="Views\DownloadsPage.xaml"><Filter>Views</Filter></Page>
    <Page Include="Views\HomePage.xaml"><Filter>Views</Filter></Page>
    <Page Include="Views\LibraryPage.xaml"><Filter>Views</Filter></Page>
    <Page Include="Views\LoginPage.xaml"><Filter>Views</Filter></Page>
    <Page Include="Views\PlayerPage.xaml"><Filter>Views</Filter></Page>
    <Page Include="Views\SearchPage.xaml"><Filter>Views</Filter></Page>
    <Page Include="Views\SettingsPage.xaml"><Filter>Views</Filter></Page>
    <Page Include="Views\SourcesPage.xaml"><Filter>Views</Filter></Page>
  </ItemGroup>

  <ItemGroup>
    <Midl Include="Controls\PlaceholderArt.idl"><Filter>Controls</Filter></Midl>
    <Midl Include="Controls\MediaShelf.idl"><Filter>Controls</Filter></Midl>
    <Midl Include="Controls\PosterCard.idl"><Filter>Controls</Filter></Midl>
    <Midl Include="Controls\SectionHeader.idl"><Filter>Controls</Filter></Midl>
    <Midl Include="Controls\TagChip.idl"><Filter>Controls</Filter></Midl>
    <Midl Include="Models\Models.idl"><Filter>Models</Filter></Midl>
    <Midl Include="Shell\MainWindow.idl"><Filter>Shell</Filter></Midl>
    <Midl Include="Shell\ShellPage.idl"><Filter>Shell</Filter></Midl>
    <Midl Include="Shell\TitleBar.idl"><Filter>Shell</Filter></Midl>
    <Midl Include="Views\DetailPage.idl"><Filter>Views</Filter></Midl>
    <Midl Include="Views\ConnectPage.idl"><Filter>Views</Filter></Midl>
    <Midl Include="Views\DownloadsPage.idl"><Filter>Views</Filter></Midl>
    <Midl Include="Views\HomePage.idl"><Filter>Views</Filter></Midl>
    <Midl Include="Views\LibraryPage.idl"><Filter>Views</Filter></Midl>
    <Midl Include="Views\LoginPage.idl"><Filter>Views</Filter></Midl>
    <Midl Include="Views\PlayerPage.idl"><Filter>Views</Filter></Midl>
    <Midl Include="Views\SearchPage.idl"><Filter>Views</Filter></Midl>
    <Midl Include="Views\SettingsPage.idl"><Filter>Views</Filter></Midl>
    <Midl Include="Views\SourcesPage.idl"><Filter>Views</Filter></Midl>
  </ItemGroup>

  <ItemGroup>
    <ClCompile Include="pch.cpp" />
    <ClCompile Include="App.xaml.cpp" />
    <ClCompile Include="$(GeneratedFilesDir)module.g.cpp" />
    <ClCompile Include="Controls\MediaShelf.xaml.cpp"><Filter>Controls</Filter></ClCompile>
    <ClCompile Include="Controls\PlaceholderArt.xaml.cpp"><Filter>Controls</Filter></ClCompile>
    <ClCompile Include="Controls\PosterCard.xaml.cpp"><Filter>Controls</Filter></ClCompile>
    <ClCompile Include="Controls\SectionHeader.xaml.cpp"><Filter>Controls</Filter></ClCompile>
    <ClCompile Include="Controls\TagChip.xaml.cpp"><Filter>Controls</Filter></ClCompile>
    <ClCompile Include="Models\Models.cpp"><Filter>Models</Filter></ClCompile>
    <ClCompile Include="Services\MockDownloadService.cpp"><Filter>Services</Filter></ClCompile>
    <ClCompile Include="Services\MockServices.cpp"><Filter>Services</Filter></ClCompile>
    <ClCompile Include="Services\NavigationService.cpp"><Filter>Services</Filter></ClCompile>
    <ClCompile Include="Services\SampleData.cpp"><Filter>Services</Filter></ClCompile>
    <ClCompile Include="Services\SessionService.cpp"><Filter>Services</Filter></ClCompile>
    <ClCompile Include="Shell\MainWindow.xaml.cpp"><Filter>Shell</Filter></ClCompile>
    <ClCompile Include="Shell\ShellPage.xaml.cpp"><Filter>Shell</Filter></ClCompile>
    <ClCompile Include="Shell\TitleBar.xaml.cpp"><Filter>Shell</Filter></ClCompile>
    <ClCompile Include="Shell\WindowSizing.cpp"><Filter>Shell</Filter></ClCompile>
    <ClCompile Include="ViewModels\ConnectViewModel.cpp"><Filter>ViewModels</Filter></ClCompile>
    <ClCompile Include="ViewModels\DetailViewModel.cpp"><Filter>ViewModels</Filter></ClCompile>
    <ClCompile Include="ViewModels\DownloadsViewModel.cpp"><Filter>ViewModels</Filter></ClCompile>
    <ClCompile Include="ViewModels\HomeViewModel.cpp"><Filter>ViewModels</Filter></ClCompile>
    <ClCompile Include="ViewModels\LibraryViewModel.cpp"><Filter>ViewModels</Filter></ClCompile>
    <ClCompile Include="ViewModels\LoginViewModel.cpp"><Filter>ViewModels</Filter></ClCompile>
    <ClCompile Include="ViewModels\SearchViewModel.cpp"><Filter>ViewModels</Filter></ClCompile>
    <ClCompile Include="ViewModels\SettingsViewModel.cpp"><Filter>ViewModels</Filter></ClCompile>
    <ClCompile Include="ViewModels\SourcesViewModel.cpp"><Filter>ViewModels</Filter></ClCompile>
    <ClCompile Include="Views\ConnectPage.xaml.cpp"><Filter>Views</Filter></ClCompile>
    <ClCompile Include="Views\DetailPage.xaml.cpp"><Filter>Views</Filter></ClCompile>
    <ClCompile Include="Views\DownloadsPage.xaml.cpp"><Filter>Views</Filter></ClCompile>
    <ClCompile Include="Views\HomePage.xaml.cpp"><Filter>Views</Filter></ClCompile>
    <ClCompile Include="Views\LibraryPage.xaml.cpp"><Filter>Views</Filter></ClCompile>
    <ClCompile Include="Views\LoginPage.xaml.cpp"><Filter>Views</Filter></ClCompile>
    <ClCompile Include="Views\PlayerPage.xaml.cpp"><Filter>Views</Filter></ClCompile>
    <ClCompile Include="Views\SearchPage.xaml.cpp"><Filter>Views</Filter></ClCompile>
    <ClCompile Include="Views\SettingsPage.xaml.cpp"><Filter>Views</Filter></ClCompile>
    <ClCompile Include="Views\SourcesPage.xaml.cpp"><Filter>Views</Filter></ClCompile>
  </ItemGroup>

  <ItemGroup>
    <ClInclude Include="pch.h" />
    <ClInclude Include="App.xaml.h" />
    <ClInclude Include="Controls\MediaShelf.xaml.h"><Filter>Controls</Filter></ClInclude>
    <ClInclude Include="Controls\PlaceholderArt.xaml.h"><Filter>Controls</Filter></ClInclude>
    <ClInclude Include="Controls\PosterCard.xaml.h"><Filter>Controls</Filter></ClInclude>
    <ClInclude Include="Controls\SectionHeader.xaml.h"><Filter>Controls</Filter></ClInclude>
    <ClInclude Include="Controls\TagChip.xaml.h"><Filter>Controls</Filter></ClInclude>
    <ClInclude Include="Models\Models.h"><Filter>Models</Filter></ClInclude>
    <ClInclude Include="Services\AppServices.h"><Filter>Services</Filter></ClInclude>
    <ClInclude Include="Services\MockDownloadService.h"><Filter>Services</Filter></ClInclude>
    <ClInclude Include="Services\MockServices.h"><Filter>Services</Filter></ClInclude>
    <ClInclude Include="Services\NavigationService.h"><Filter>Services</Filter></ClInclude>
    <ClInclude Include="Services\SampleData.h"><Filter>Services</Filter></ClInclude>
    <ClInclude Include="Services\ServiceInterfaces.h"><Filter>Services</Filter></ClInclude>
    <ClInclude Include="Services\SessionService.h"><Filter>Services</Filter></ClInclude>
    <ClInclude Include="Shell\MainWindow.xaml.h"><Filter>Shell</Filter></ClInclude>
    <ClInclude Include="Shell\ShellPage.xaml.h"><Filter>Shell</Filter></ClInclude>
    <ClInclude Include="Shell\TitleBar.xaml.h"><Filter>Shell</Filter></ClInclude>
    <ClInclude Include="Shell\WindowSizing.h"><Filter>Shell</Filter></ClInclude>
    <ClInclude Include="ViewModels\ConnectViewModel.h"><Filter>ViewModels</Filter></ClInclude>
    <ClInclude Include="ViewModels\DetailViewModel.h"><Filter>ViewModels</Filter></ClInclude>
    <ClInclude Include="ViewModels\DownloadsViewModel.h"><Filter>ViewModels</Filter></ClInclude>
    <ClInclude Include="ViewModels\HomeViewModel.h"><Filter>ViewModels</Filter></ClInclude>
    <ClInclude Include="ViewModels\LibraryViewModel.h"><Filter>ViewModels</Filter></ClInclude>
    <ClInclude Include="ViewModels\LoginViewModel.h"><Filter>ViewModels</Filter></ClInclude>
    <ClInclude Include="ViewModels\ObservableHelper.h"><Filter>ViewModels</Filter></ClInclude>
    <ClInclude Include="ViewModels\SettingsViewModel.h"><Filter>ViewModels</Filter></ClInclude>
    <ClInclude Include="ViewModels\SearchViewModel.h"><Filter>ViewModels</Filter></ClInclude>
    <ClInclude Include="ViewModels\SourcesViewModel.h"><Filter>ViewModels</Filter></ClInclude>
    <ClInclude Include="Views\ConnectPage.xaml.h"><Filter>Views</Filter></ClInclude>
    <ClInclude Include="Views\DetailPage.xaml.h"><Filter>Views</Filter></ClInclude>
    <ClInclude Include="Views\DownloadsPage.xaml.h"><Filter>Views</Filter></ClInclude>
    <ClInclude Include="Views\HomePage.xaml.h"><Filter>Views</Filter></ClInclude>
    <ClInclude Include="Views\LibraryPage.xaml.h"><Filter>Views</Filter></ClInclude>
    <ClInclude Include="Views\LoginPage.xaml.h"><Filter>Views</Filter></ClInclude>
    <ClInclude Include="Views\PlayerPage.xaml.h"><Filter>Views</Filter></ClInclude>
    <ClInclude Include="Views\SearchPage.xaml.h"><Filter>Views</Filter></ClInclude>
    <ClInclude Include="Views\SettingsPage.xaml.h"><Filter>Views</Filter></ClInclude>
    <ClInclude Include="Views\SourcesPage.xaml.h"><Filter>Views</Filter></ClInclude>
  </ItemGroup>

  <ItemGroup>
    <Image Include="Assets\halo-mark.png"><Filter>Assets</Filter></Image>
    <Image Include="Assets\LockScreenLogo.scale-200.png"><Filter>Assets</Filter></Image>
    <Image Include="Assets\SplashScreen.scale-200.png"><Filter>Assets</Filter></Image>
    <Image Include="Assets\Square150x150Logo.scale-200.png"><Filter>Assets</Filter></Image>
    <Image Include="Assets\Square44x44Logo.scale-200.png"><Filter>Assets</Filter></Image>
    <Image Include="Assets\Square44x44Logo.targetsize-24_altform-unplated.png"><Filter>Assets</Filter></Image>
    <Image Include="Assets\StoreLogo.png"><Filter>Assets</Filter></Image>
    <Image Include="Assets\stripe-dark.png"><Filter>Assets</Filter></Image>
    <Image Include="Assets\stripe-light.png"><Filter>Assets</Filter></Image>
    <Image Include="Assets\Wide310x150Logo.scale-200.png"><Filter>Assets</Filter></Image>
  </ItemGroup>

  <ItemGroup>
    <Font Include="Assets\Fonts\JetBrainsMono-Bold.ttf"><Filter>Assets\Fonts</Filter></Font>
    <Font Include="Assets\Fonts\JetBrainsMono-Regular.ttf"><Filter>Assets\Fonts</Filter></Font>
    <Text Include="Assets\Fonts\OFL.txt"><Filter>Assets\Fonts</Filter></Text>
  </ItemGroup>

  <ItemGroup>
    <Manifest Include="app.manifest" />
    <AppxManifest Include="Package.appxmanifest" />
    <None Include="packages.config" />
  </ItemGroup>
</Project>
